
Microsoft Visual Studio Solution File, Format Version 12.00
# Visual Studio Version 16
VisualStudioVersion = 16.0.29201.188
MinimumVisualStudioVersion = 10.0.40219.1
Project("{FAE04EC0-301F-11D3-BF4B-00C04F79EFBC}") = "Calculator_prac", "Calculator_prac.csproj", "{1019193F-0230-4C6D-9E87-4AD7DCBED38F}"
EndProject
Project("{FAE04EC0-301F-11D3-BF4B-00C04F79EFBC}") = "Greatestnumberfromthree", "..\Greatestnumberfromthree\Greatestnumberfromthree.csproj", "{6BC0E4C3-C36A-490A-95DE-A941F0BCE9A1}"
EndProject
Global
	GlobalSection(SolutionConfigurationPlatforms) = preSolution
		Debug|Any CPU = Debug|Any CPU
		Release|Any CPU = Release|Any CPU
	EndGlobalSection
	GlobalSection(ProjectConfigurationPlatforms) = postSolution
		{1019193F-0230-4C6D-9E87-4AD7DCBED38F}.Debug|Any CPU.ActiveCfg = Debug|Any CPU
		{1019193F-0230-4C6D-9E87-4AD7DCBED38F}.Debug|Any CPU.Build.0 = Debug|Any CPU
		{1019193F-0230-4C6D-9E87-4AD7DCBED38F}.Release|Any CPU.ActiveCfg = Release|Any CPU
		{1019193F-0230-4C6D-9E87-4AD7DCBED38F}.Release|Any CPU.Build.0 = Release|Any CPU
		{6BC0E4C3-C36A-490A-95DE-A941F0BCE9A1}.Debug|Any CPU.ActiveCfg = Debug|Any CPU
		{6BC0E4C3-C36A-490A-95DE-A941F0BCE9A1}.Debug|Any CPU.Build.0 = Debug|Any CPU
		{6BC0E4C3-C36A-490A-95DE-A941F0BCE9A1}.Release|Any CPU.ActiveCfg = Release|Any CPU
		{6BC0E4C3-C36A-490A-95DE-A941F0BCE9A1}.Release|Any CPU.Build.0 = Release|Any CPU
	EndGlobalSection
	GlobalSection(SolutionProperties) = preSolution
		HideSolutionNode = FALSE
	EndGlobalSection
	GlobalSection(ExtensibilityGlobals) = postSolution
		SolutionGuid = {2D4B9BF1-1505-469F-A4D9-3EE6793ACEAE}
	EndGlobalSection
EndGlobal
